
Microsoft Visual Studio Solution File, Format Version 12.00
# Visual Studio Version 17
VisualStudioVersion = 17.0.31903.59
MinimumVisualStudioVersion = 10.0.40219.1
Project("{FAE04EC0-301F-11D3-BF4B-00C04F79EFBC}") = "MoneyC", "MoneyC\MoneyC.csproj", "{7294E79F-4697-47D8-9037-757AAC15AFB3}"
EndProject
Global
	GlobalSection(SolutionConfigurationPlatforms) = preSolution
		Debug|Any CPU = Debug|Any CPU
		Release|Any CPU = Release|Any CPU
	EndGlobalSection
	GlobalSection(ProjectConfigurationPlatforms) = postSolution
		{7294E79F-4697-47D8-9037-757AAC15AFB3}.Debug|Any CPU.ActiveCfg = Debug|Any CPU
		{7294E79F-4697-47D8-9037-757AAC15AFB3}.Debug|Any CPU.Build.0 = Debug|Any CPU
		{7294E79F-4697-47D8-9037-757AAC15AFB3}.Release|Any CPU.ActiveCfg = Release|Any CPU
		{7294E79F-4697-47D8-9037-757AAC15AFB3}.Release|Any CPU.Build.0 = Release|Any CPU
	EndGlobalSection
	GlobalSection(SolutionProperties) = preSolution
		HideSolutionNode = FALSE
	EndGlobalSection
	GlobalSection(ExtensibilityGlobals) = postSolution
		SolutionGuid = {8026B53B-5AF3-4D3F-B35A-E098539ACEDD}
	EndGlobalSection
EndGlobal
